
Microsoft Visual Studio Solution File, Format Version 12.00
# Visual Studio Version 16
VisualStudioVersion = 16.0.29613.14
MinimumVisualStudioVersion = 10.0.40219.1
Project("{E24C65DC-7377-472B-9ABA-BC803B73C61A}") = "NOTE(1)", ".", "{2EA9024C-C603-47BA-9499-16097C17B0B2}"
	ProjectSection(WebsiteProperties) = preProject
		TargetFrameworkMoniker = ".NETFramework,Version%3Dv4.0"
		Debug.AspNetCompiler.VirtualPath = "/localhost_51157"
		Debug.AspNetCompiler.PhysicalPath = "G:\MHE PROGRAM\NOTE\"
		Debug.AspNetCompiler.TargetPath = "PrecompiledWeb\localhost_51157\"
		Debug.AspNetCompiler.Updateable = "true"
		Debug.AspNetCompiler.ForceOverwrite = "true"
		Debug.AspNetCompiler.FixedNames = "false"
		Debug.AspNetCompiler.Debug = "True"
		Release.AspNetCompiler.VirtualPath = "/localhost_51157"
		Release.AspNetCompiler.PhysicalPath = "G:\MHE PROGRAM\NOTE\"
		Release.AspNetCompiler.TargetPath = "PrecompiledWeb\localhost_51157\"
		Release.AspNetCompiler.Updateable = "true"
		Release.AspNetCompiler.ForceOverwrite = "true"
		Release.AspNetCompiler.FixedNames = "false"
		Release.AspNetCompiler.Debug = "False"
		VWDPort = "51157"
	EndProjectSection
EndProject
Global
	GlobalSection(SolutionConfigurationPlatforms) = preSolution
		Debug|Any CPU = Debug|Any CPU
	EndGlobalSection
	GlobalSection(ProjectConfigurationPlatforms) = postSolution
		{2EA9024C-C603-47BA-9499-16097C17B0B2}.Debug|Any CPU.ActiveCfg = Debug|Any CPU
		{2EA9024C-C603-47BA-9499-16097C17B0B2}.Debug|Any CPU.Build.0 = Debug|Any CPU
	EndGlobalSection
	GlobalSection(SolutionProperties) = preSolution
		HideSolutionNode = FALSE
	EndGlobalSection
	GlobalSection(ExtensibilityGlobals) = postSolution
		SolutionGuid = {6268D296-872B-4D01-A629-DC05F7665641}
	EndGlobalSection
EndGlobal
